
Microsoft Visual Studio Solution File, Format Version 12.00
# Visual Studio Version 16
VisualStudioVersion = 16.0.30320.27
MinimumVisualStudioVersion = 10.0.40219.1
Project("{FAE04EC0-301F-11D3-BF4B-00C04F79EFBC}") = "ALS_DOCU", "ALS_DOCU\ALS_DOCU.csproj", "{91FD38C5-9937-4807-AAC5-37FCE3321903}"
EndProject
Global
	GlobalSection(SolutionConfigurationPlatforms) = preSolution
		Debug|Any CPU = Debug|Any CPU
		Release|Any CPU = Release|Any CPU
	EndGlobalSection
	GlobalSection(ProjectConfigurationPlatforms) = postSolution
		{91FD38C5-9937-4807-AAC5-37FCE3321903}.Debug|Any CPU.ActiveCfg = Debug|Any CPU
		{91FD38C5-9937-4807-AAC5-37FCE3321903}.Debug|Any CPU.Build.0 = Debug|Any CPU
		{91FD38C5-9937-4807-AAC5-37FCE3321903}.Release|Any CPU.ActiveCfg = Release|Any CPU
		{91FD38C5-9937-4807-AAC5-37FCE3321903}.Release|Any CPU.Build.0 = Release|Any CPU
	EndGlobalSection
	GlobalSection(SolutionProperties) = preSolution
		HideSolutionNode = FALSE
	EndGlobalSection
	GlobalSection(ExtensibilityGlobals) = postSolution
		SolutionGuid = {B9FBD329-ABA4-41C5-8DF1-A397EFFFFE79}
	EndGlobalSection
EndGlobal
